
Microsoft Visual Studio Solution File, Format Version 12.00
# Visual Studio Version 16
VisualStudioVersion = 16.0.30114.105
MinimumVisualStudioVersion = 10.0.40219.1
Project("{9A19103F-16F7-4668-BE54-9A1E7A4F7556}") = "GroupService", "GroupService\GroupService.csproj", "{EF3CB926-5DDD-41CB-BC78-64080D9470EA}"
EndProject
Project("{9A19103F-16F7-4668-BE54-9A1E7A4F7556}") = "DevelopmentLogger", "DevelopmentLogger\DevelopmentLogger.csproj", "{3716745C-FD58-4F12-88C2-AB96D9775E0B}"
EndProject
Project("{9A19103F-16F7-4668-BE54-9A1E7A4F7556}") = "UserService", "UserService\UserService.csproj", "{2CB6AC97-AC4D-49B4-BE22-73FB9C46D8ED}"
EndProject
Project("{9A19103F-16F7-4668-BE54-9A1E7A4F7556}") = "DeviceService", "DeviceService\DeviceService.csproj", "{D196DA20-F665-4E94-A896-FF3C897ED033}"
EndProject
Project("{9A19103F-16F7-4668-BE54-9A1E7A4F7556}") = "ActionLogService", "ActionLogService\ActionLogService.csproj", "{4EE217D1-C95F-4DD2-A216-68F17F6D1A7E}"
EndProject
Project("{9A19103F-16F7-4668-BE54-9A1E7A4F7556}") = "LoginService", "LoginService\LoginService.csproj", "{5D304C58-93C9-4683-881D-2E44F9F3F319}"
EndProject
Project("{9A19103F-16F7-4668-BE54-9A1E7A4F7556}") = "PolicyService", "PolicyService\PolicyService.csproj", "{CC78E4D1-3942-4D1B-B8AF-AE476B928C6B}"
EndProject
Project("{9A19103F-16F7-4668-BE54-9A1E7A4F7556}") = "PolicySetService", "PolicySetService\PolicySetService.csproj", "{18F55E87-76A6-46F9-9D12-7346F970185F}"
EndProject
Project("{9A19103F-16F7-4668-BE54-9A1E7A4F7556}") = "DevicePlatformEntity", "DevicePlatformEntity\DevicePlatformEntity.csproj", "{9A479634-22ED-4385-87A5-173D6AC68AC5}"
EndProject
Project("{9A19103F-16F7-4668-BE54-9A1E7A4F7556}") = "BaseDbContext", "BaseDbContext\BaseDbContext.csproj", "{849CA2C6-54C9-446E-8E57-4E84D18C1053}"
EndProject
Project("{9A19103F-16F7-4668-BE54-9A1E7A4F7556}") = "InitialConstantsStore", "InitialConstantsStore\InitialConstantsStore.csproj", "{50C15CF2-A384-494F-BDCD-F5ADED24D65C}"
EndProject
Project("{9A19103F-16F7-4668-BE54-9A1E7A4F7556}") = "LoginDevicesService", "LoginDevicesService\LoginDevicesService.csproj", "{B6624AFF-04D4-4E4A-8F2D-E2DD00A4D078}"
EndProject
Project("{9A19103F-16F7-4668-BE54-9A1E7A4F7556}") = "RabbitMqEventBus", "RabbitMqEventBus\RabbitMqEventBus.csproj", "{FEFF8CBE-3CAA-444C-B2A2-745F8D3C2CB6}"
EndProject
Project("{FAE04EC0-301F-11D3-BF4B-00C04F79EFBC}") = "IntegrationEventLog", "IntegrationEventLog\IntegrationEventLog.csproj", "{D4EA40BD-18EC-4044-A5CA-936EDBEE4F3E}"
EndProject
Project("{FAE04EC0-301F-11D3-BF4B-00C04F79EFBC}") = "EventBus", "EventBus\EventBus.csproj", "{FEAEEA26-2135-40C7-8866-B60FB4EC2E84}"
EndProject
Global
	GlobalSection(SolutionConfigurationPlatforms) = preSolution
		Debug|Any CPU = Debug|Any CPU
		Release|Any CPU = Release|Any CPU
	EndGlobalSection
	GlobalSection(ProjectConfigurationPlatforms) = postSolution
		{EF3CB926-5DDD-41CB-BC78-64080D9470EA}.Debug|Any CPU.ActiveCfg = Debug|Any CPU
		{EF3CB926-5DDD-41CB-BC78-64080D9470EA}.Debug|Any CPU.Build.0 = Debug|Any CPU
		{EF3CB926-5DDD-41CB-BC78-64080D9470EA}.Release|Any CPU.ActiveCfg = Release|Any CPU
		{EF3CB926-5DDD-41CB-BC78-64080D9470EA}.Release|Any CPU.Build.0 = Release|Any CPU
		{3716745C-FD58-4F12-88C2-AB96D9775E0B}.Debug|Any CPU.ActiveCfg = Debug|Any CPU
		{3716745C-FD58-4F12-88C2-AB96D9775E0B}.Debug|Any CPU.Build.0 = Debug|Any CPU
		{3716745C-FD58-4F12-88C2-AB96D9775E0B}.Release|Any CPU.ActiveCfg = Release|Any CPU
		{3716745C-FD58-4F12-88C2-AB96D9775E0B}.Release|Any CPU.Build.0 = Release|Any CPU
		{2CB6AC97-AC4D-49B4-BE22-73FB9C46D8ED}.Debug|Any CPU.ActiveCfg = Debug|Any CPU
		{2CB6AC97-AC4D-49B4-BE22-73FB9C46D8ED}.Debug|Any CPU.Build.0 = Debug|Any CPU
		{2CB6AC97-AC4D-49B4-BE22-73FB9C46D8ED}.Release|Any CPU.ActiveCfg = Release|Any CPU
		{2CB6AC97-AC4D-49B4-BE22-73FB9C46D8ED}.Release|Any CPU.Build.0 = Release|Any CPU
		{D196DA20-F665-4E94-A896-FF3C897ED033}.Debug|Any CPU.ActiveCfg = Debug|Any CPU
		{D196DA20-F665-4E94-A896-FF3C897ED033}.Debug|Any CPU.Build.0 = Debug|Any CPU
		{D196DA20-F665-4E94-A896-FF3C897ED033}.Release|Any CPU.ActiveCfg = Release|Any CPU
		{D196DA20-F665-4E94-A896-FF3C897ED033}.Release|Any CPU.Build.0 = Release|Any CPU
		{4EE217D1-C95F-4DD2-A216-68F17F6D1A7E}.Debug|Any CPU.ActiveCfg = Debug|Any CPU
		{4EE217D1-C95F-4DD2-A216-68F17F6D1A7E}.Debug|Any CPU.Build.0 = Debug|Any CPU
		{4EE217D1-C95F-4DD2-A216-68F17F6D1A7E}.Release|Any CPU.ActiveCfg = Release|Any CPU
		{4EE217D1-C95F-4DD2-A216-68F17F6D1A7E}.Release|Any CPU.Build.0 = Release|Any CPU
		{5D304C58-93C9-4683-881D-2E44F9F3F319}.Debug|Any CPU.ActiveCfg = Debug|Any CPU
		{5D304C58-93C9-4683-881D-2E44F9F3F319}.Debug|Any CPU.Build.0 = Debug|Any CPU
		{5D304C58-93C9-4683-881D-2E44F9F3F319}.Release|Any CPU.ActiveCfg = Release|Any CPU
		{5D304C58-93C9-4683-881D-2E44F9F3F319}.Release|Any CPU.Build.0 = Release|Any CPU
		{CC78E4D1-3942-4D1B-B8AF-AE476B928C6B}.Debug|Any CPU.ActiveCfg = Debug|Any CPU
		{CC78E4D1-3942-4D1B-B8AF-AE476B928C6B}.Debug|Any CPU.Build.0 = Debug|Any CPU
		{CC78E4D1-3942-4D1B-B8AF-AE476B928C6B}.Release|Any CPU.ActiveCfg = Release|Any CPU
		{CC78E4D1-3942-4D1B-B8AF-AE476B928C6B}.Release|Any CPU.Build.0 = Release|Any CPU
		{18F55E87-76A6-46F9-9D12-7346F970185F}.Debug|Any CPU.ActiveCfg = Debug|Any CPU
		{18F55E87-76A6-46F9-9D12-7346F970185F}.Debug|Any CPU.Build.0 = Debug|Any CPU
		{18F55E87-76A6-46F9-9D12-7346F970185F}.Release|Any CPU.ActiveCfg = Release|Any CPU
		{18F55E87-76A6-46F9-9D12-7346F970185F}.Release|Any CPU.Build.0 = Release|Any CPU
		{9A479634-22ED-4385-87A5-173D6AC68AC5}.Debug|Any CPU.ActiveCfg = Debug|Any CPU
		{9A479634-22ED-4385-87A5-173D6AC68AC5}.Debug|Any CPU.Build.0 = Debug|Any CPU
		{9A479634-22ED-4385-87A5-173D6AC68AC5}.Release|Any CPU.ActiveCfg = Release|Any CPU
		{9A479634-22ED-4385-87A5-173D6AC68AC5}.Release|Any CPU.Build.0 = Release|Any CPU
		{849CA2C6-54C9-446E-8E57-4E84D18C1053}.Debug|Any CPU.ActiveCfg = Debug|Any CPU
		{849CA2C6-54C9-446E-8E57-4E84D18C1053}.Debug|Any CPU.Build.0 = Debug|Any CPU
		{849CA2C6-54C9-446E-8E57-4E84D18C1053}.Release|Any CPU.ActiveCfg = Release|Any CPU
		{849CA2C6-54C9-446E-8E57-4E84D18C1053}.Release|Any CPU.Build.0 = Release|Any CPU
		{50C15CF2-A384-494F-BDCD-F5ADED24D65C}.Debug|Any CPU.ActiveCfg = Debug|Any CPU
		{50C15CF2-A384-494F-BDCD-F5ADED24D65C}.Debug|Any CPU.Build.0 = Debug|Any CPU
		{50C15CF2-A384-494F-BDCD-F5ADED24D65C}.Release|Any CPU.ActiveCfg = Release|Any CPU
		{50C15CF2-A384-494F-BDCD-F5ADED24D65C}.Release|Any CPU.Build.0 = Release|Any CPU
		{B6624AFF-04D4-4E4A-8F2D-E2DD00A4D078}.Debug|Any CPU.ActiveCfg = Debug|Any CPU
		{B6624AFF-04D4-4E4A-8F2D-E2DD00A4D078}.Debug|Any CPU.Build.0 = Debug|Any CPU
		{B6624AFF-04D4-4E4A-8F2D-E2DD00A4D078}.Release|Any CPU.ActiveCfg = Release|Any CPU
		{B6624AFF-04D4-4E4A-8F2D-E2DD00A4D078}.Release|Any CPU.Build.0 = Release|Any CPU
		{FEFF8CBE-3CAA-444C-B2A2-745F8D3C2CB6}.Debug|Any CPU.ActiveCfg = Debug|Any CPU
		{FEFF8CBE-3CAA-444C-B2A2-745F8D3C2CB6}.Debug|Any CPU.Build.0 = Debug|Any CPU
		{FEFF8CBE-3CAA-444C-B2A2-745F8D3C2CB6}.Release|Any CPU.ActiveCfg = Release|Any CPU
		{FEFF8CBE-3CAA-444C-B2A2-745F8D3C2CB6}.Release|Any CPU.Build.0 = Release|Any CPU
		{D4EA40BD-18EC-4044-A5CA-936EDBEE4F3E}.Debug|Any CPU.ActiveCfg = Debug|Any CPU
		{D4EA40BD-18EC-4044-A5CA-936EDBEE4F3E}.Debug|Any CPU.Build.0 = Debug|Any CPU
		{D4EA40BD-18EC-4044-A5CA-936EDBEE4F3E}.Release|Any CPU.ActiveCfg = Release|Any CPU
		{D4EA40BD-18EC-4044-A5CA-936EDBEE4F3E}.Release|Any CPU.Build.0 = Release|Any CPU
		{FEAEEA26-2135-40C7-8866-B60FB4EC2E84}.Debug|Any CPU.ActiveCfg = Debug|Any CPU
		{FEAEEA26-2135-40C7-8866-B60FB4EC2E84}.Debug|Any CPU.Build.0 = Debug|Any CPU
		{FEAEEA26-2135-40C7-8866-B60FB4EC2E84}.Release|Any CPU.ActiveCfg = Release|Any CPU
		{FEAEEA26-2135-40C7-8866-B60FB4EC2E84}.Release|Any CPU.Build.0 = Release|Any CPU
	EndGlobalSection
	GlobalSection(SolutionProperties) = preSolution
		HideSolutionNode = FALSE
	EndGlobalSection
	GlobalSection(ExtensibilityGlobals) = postSolution
		SolutionGuid = {DF30AF52-6296-4362-A0E6-AB9A7A4D2FCE}
	EndGlobalSection
EndGlobal
