
Microsoft Visual Studio Solution File, Format Version 12.00
# Visual Studio Version 16
VisualStudioVersion = 16.0.30114.105
MinimumVisualStudioVersion = 10.0.40219.1
Project("{9A19103F-16F7-4668-BE54-9A1E7A4F7556}") = "GroupService", "GroupService\GroupService.csproj", "{EF3CB926-5DDD-41CB-BC78-64080D9470EA}"
EndProject
Project("{9A19103F-16F7-4668-BE54-9A1E7A4F7556}") = "DevelopmentLogger", "DevelopmentLogger\DevelopmentLogger.csproj", "{3716745C-FD58-4F12-88C2-AB96D9775E0B}"
EndProject
Project("{9A19103F-16F7-4668-BE54-9A1E7A4F7556}") = "UserService", "UserService\UserService.csproj", "{2CB6AC97-AC4D-49B4-BE22-73FB9C46D8ED}"
EndProject
Project("{9A19103F-16F7-4668-BE54-9A1E7A4F7556}") = "DeviceService", "DeviceService\DeviceService.csproj", "{D196DA20-F665-4E94-A896-FF3C897ED033}"
EndProject
Project("{9A19103F-16F7-4668-BE54-9A1E7A4F7556}") = "ActionLogService", "ActionLogService\ActionLogService.csproj", "{4EE217D1-C95F-4DD2-A216-68F17F6D1A7E}"
EndProject
Project("{9A19103F-16F7-4668-BE54-9A1E7A4F7556}") = "LoginService", "LoginService\LoginService.csproj", "{5D304C58-93C9-4683-881D-2E44F9F3F319}"
EndProject
Project("{FAE04EC0-301F-11D3-BF4B-00C04F79EFBC}") = "PolicyService", "PolicyService\PolicyService.csproj", "{CC78E4D1-3942-4D1B-B8AF-AE476B928C6B}"
EndProject
Global
	GlobalSection(SolutionConfigurationPlatforms) = preSolution
		Debug|Any CPU = Debug|Any CPU
		Release|Any CPU = Release|Any CPU
	EndGlobalSection
	GlobalSection(ProjectConfigurationPlatforms) = postSolution
		{EF3CB926-5DDD-41CB-BC78-64080D9470EA}.Debug|Any CPU.ActiveCfg = Debug|Any CPU
		{EF3CB926-5DDD-41CB-BC78-64080D9470EA}.Debug|Any CPU.Build.0 = Debug|Any CPU
		{EF3CB926-5DDD-41CB-BC78-64080D9470EA}.Release|Any CPU.ActiveCfg = Release|Any CPU
		{EF3CB926-5DDD-41CB-BC78-64080D9470EA}.Release|Any CPU.Build.0 = Release|Any CPU
		{3716745C-FD58-4F12-88C2-AB96D9775E0B}.Debug|Any CPU.ActiveCfg = Debug|Any CPU
		{3716745C-FD58-4F12-88C2-AB96D9775E0B}.Debug|Any CPU.Build.0 = Debug|Any CPU
		{3716745C-FD58-4F12-88C2-AB96D9775E0B}.Release|Any CPU.ActiveCfg = Release|Any CPU
		{3716745C-FD58-4F12-88C2-AB96D9775E0B}.Release|Any CPU.Build.0 = Release|Any CPU
		{2CB6AC97-AC4D-49B4-BE22-73FB9C46D8ED}.Debug|Any CPU.ActiveCfg = Debug|Any CPU
		{2CB6AC97-AC4D-49B4-BE22-73FB9C46D8ED}.Debug|Any CPU.Build.0 = Debug|Any CPU
		{2CB6AC97-AC4D-49B4-BE22-73FB9C46D8ED}.Release|Any CPU.ActiveCfg = Release|Any CPU
		{2CB6AC97-AC4D-49B4-BE22-73FB9C46D8ED}.Release|Any CPU.Build.0 = Release|Any CPU
		{D196DA20-F665-4E94-A896-FF3C897ED033}.Debug|Any CPU.ActiveCfg = Debug|Any CPU
		{D196DA20-F665-4E94-A896-FF3C897ED033}.Debug|Any CPU.Build.0 = Debug|Any CPU
		{D196DA20-F665-4E94-A896-FF3C897ED033}.Release|Any CPU.ActiveCfg = Release|Any CPU
		{D196DA20-F665-4E94-A896-FF3C897ED033}.Release|Any CPU.Build.0 = Release|Any CPU
		{4EE217D1-C95F-4DD2-A216-68F17F6D1A7E}.Debug|Any CPU.ActiveCfg = Debug|Any CPU
		{4EE217D1-C95F-4DD2-A216-68F17F6D1A7E}.Debug|Any CPU.Build.0 = Debug|Any CPU
		{4EE217D1-C95F-4DD2-A216-68F17F6D1A7E}.Release|Any CPU.ActiveCfg = Release|Any CPU
		{4EE217D1-C95F-4DD2-A216-68F17F6D1A7E}.Release|Any CPU.Build.0 = Release|Any CPU
		{5D304C58-93C9-4683-881D-2E44F9F3F319}.Debug|Any CPU.ActiveCfg = Debug|Any CPU
		{5D304C58-93C9-4683-881D-2E44F9F3F319}.Debug|Any CPU.Build.0 = Debug|Any CPU
		{5D304C58-93C9-4683-881D-2E44F9F3F319}.Release|Any CPU.ActiveCfg = Release|Any CPU
		{5D304C58-93C9-4683-881D-2E44F9F3F319}.Release|Any CPU.Build.0 = Release|Any CPU
		{CC78E4D1-3942-4D1B-B8AF-AE476B928C6B}.Debug|Any CPU.ActiveCfg = Debug|Any CPU
		{CC78E4D1-3942-4D1B-B8AF-AE476B928C6B}.Debug|Any CPU.Build.0 = Debug|Any CPU
		{CC78E4D1-3942-4D1B-B8AF-AE476B928C6B}.Release|Any CPU.ActiveCfg = Release|Any CPU
		{CC78E4D1-3942-4D1B-B8AF-AE476B928C6B}.Release|Any CPU.Build.0 = Release|Any CPU
	EndGlobalSection
	GlobalSection(SolutionProperties) = preSolution
		HideSolutionNode = FALSE
	EndGlobalSection
	GlobalSection(ExtensibilityGlobals) = postSolution
		SolutionGuid = {DF30AF52-6296-4362-A0E6-AB9A7A4D2FCE}
	EndGlobalSection
EndGlobal
